
Microsoft Visual Studio Solution File, Format Version 12.00
# Visual Studio Version 16
VisualStudioVersion = 16.0.30804.86
MinimumVisualStudioVersion = 10.0.40219.1
Project("{FAE04EC0-301F-11D3-BF4B-00C04F79EFBC}") = "EMPRESA", "EMPRESA\EMPRESA.csproj", "{11187A55-3B4F-48ED-A86C-9FF7C554C547}"
EndProject
Global
	GlobalSection(SolutionConfigurationPlatforms) = preSolution
		Debug|Any CPU = Debug|Any CPU
		Release|Any CPU = Release|Any CPU
	EndGlobalSection
	GlobalSection(ProjectConfigurationPlatforms) = postSolution
		{11187A55-3B4F-48ED-A86C-9FF7C554C547}.Debug|Any CPU.ActiveCfg = Debug|Any CPU
		{11187A55-3B4F-48ED-A86C-9FF7C554C547}.Debug|Any CPU.Build.0 = Debug|Any CPU
		{11187A55-3B4F-48ED-A86C-9FF7C554C547}.Release|Any CPU.ActiveCfg = Release|Any CPU
		{11187A55-3B4F-48ED-A86C-9FF7C554C547}.Release|Any CPU.Build.0 = Release|Any CPU
	EndGlobalSection
	GlobalSection(SolutionProperties) = preSolution
		HideSolutionNode = FALSE
	EndGlobalSection
	GlobalSection(ExtensibilityGlobals) = postSolution
		SolutionGuid = {DD9C9315-9037-4D49-A988-87F878B4818B}
	EndGlobalSection
EndGlobal
